
Microsoft Visual Studio Solution File, Format Version 12.00
# Visual Studio Version 17
VisualStudioVersion = 17.1.32104.313
MinimumVisualStudioVersion = 10.0.40219.1
Project("{FAE04EC0-301F-11D3-BF4B-00C04F79EFBC}") = "GlobalWarmingModel", "New Project\GlobalWarmingModel.csproj", "{8BF7FD8C-89BC-445C-8C55-87FC4FFC9D02}"
EndProject
Global
	GlobalSection(SolutionConfigurationPlatforms) = preSolution
		Debug|Any CPU = Debug|Any CPU
		Release|Any CPU = Release|Any CPU
	EndGlobalSection
	GlobalSection(ProjectConfigurationPlatforms) = postSolution
		{8BF7FD8C-89BC-445C-8C55-87FC4FFC9D02}.Debug|Any CPU.ActiveCfg = Debug|Any CPU
		{8BF7FD8C-89BC-445C-8C55-87FC4FFC9D02}.Debug|Any CPU.Build.0 = Debug|Any CPU
		{8BF7FD8C-89BC-445C-8C55-87FC4FFC9D02}.Release|Any CPU.ActiveCfg = Release|Any CPU
		{8BF7FD8C-89BC-445C-8C55-87FC4FFC9D02}.Release|Any CPU.Build.0 = Release|Any CPU
	EndGlobalSection
	GlobalSection(SolutionProperties) = preSolution
		HideSolutionNode = FALSE
	EndGlobalSection
	GlobalSection(ExtensibilityGlobals) = postSolution
		SolutionGuid = {0A05C4AE-80FA-4C6E-8498-36002FE3063B}
	EndGlobalSection
EndGlobal
